
Microsoft Visual Studio Solution File, Format Version 12.00
# Visual Studio 15
VisualStudioVersion = 15.0.28307.572
MinimumVisualStudioVersion = 10.0.40219.1
Project("{FAE04EC0-301F-11D3-BF4B-00C04F79EFBC}") = "WCS", "WCS\WCS.csproj", "{C3977871-4133-40D7-B067-29BAA06EA7C4}"
EndProject
Project("{FAE04EC0-301F-11D3-BF4B-00C04F79EFBC}") = "WCS_Process", "WCS_Process\WCS_Process.csproj", "{6FAECB53-C67A-402C-A7ED-E243C3D114B2}"
EndProject
Project("{FAE04EC0-301F-11D3-BF4B-00C04F79EFBC}") = "CommFormCtrlLib", "CommFormCtrlLib\CommFormCtrlLib.csproj", "{421E2FD1-0262-40AB-AB04-AF75110EC844}"
EndProject
Project("{FAE04EC0-301F-11D3-BF4B-00C04F79EFBC}") = "CommCtrlLib", "CommCtrlLib\CommCtrlLib.csproj", "{09988D88-46BA-4F25-AF54-C4AE877A1E34}"
EndProject
Project("{FAE04EC0-301F-11D3-BF4B-00C04F79EFBC}") = "MetaDataCenter", "MetaDataCenter\MetaDataCenter.csproj", "{19F4307A-B863-4529-BFFA-C6C95BEBDFB8}"
EndProject
Project("{FAE04EC0-301F-11D3-BF4B-00C04F79EFBC}") = "DataAccessCenter", "DataAccessCenter\DataAccessCenter.csproj", "{5A8DED8E-B55A-469E-A1EB-DD9D91A04F38}"
EndProject
Project("{FAE04EC0-301F-11D3-BF4B-00C04F79EFBC}") = "HtmlExp", "HtmlExp\HtmlExp.csproj", "{1B2FE61A-C3D7-439F-A2E7-82FBCFD23AD1}"
EndProject
Project("{FAE04EC0-301F-11D3-BF4B-00C04F79EFBC}") = "WCSDesigner", "..\WCSDesigner\WCSDesigner\WCSDesigner.csproj", "{C827AE18-E70A-4A5A-B020-0416BDB37351}"
EndProject
Project("{FAE04EC0-301F-11D3-BF4B-00C04F79EFBC}") = "XPlatformCtrlLib", "XPlatformCtrlLib\XPlatformCtrlLib.csproj", "{14C54C3C-3D6F-4D8D-B52B-F6005FF8D8DD}"
EndProject
Project("{FAE04EC0-301F-11D3-BF4B-00C04F79EFBC}") = "WCS_Plugin_For_GMX", "WCS_Plugin_For_GMX\WCS_Plugin_For_GMX.csproj", "{7B90EAB3-DB0C-4A17-97EB-EFEF6EB24984}"
EndProject
Project("{FAE04EC0-301F-11D3-BF4B-00C04F79EFBC}") = "ExcelIOLib", "ExcelIOLib\ExcelIOLib.csproj", "{6549159A-EB48-4ED8-9490-FF3D261E0180}"
EndProject
Project("{FAE04EC0-301F-11D3-BF4B-00C04F79EFBC}") = "testWCS", "testWCS\testWCS.csproj", "{B2C6F459-1F65-4B35-81F0-EC87F972F9B6}"
EndProject
Project("{FAE04EC0-301F-11D3-BF4B-00C04F79EFBC}") = "jdyInterfaceLib", "jdyInterfaceLib\jdyInterfaceLib.csproj", "{B3A819B9-888C-4883-9AD4-9D112AFBE9BF}"
EndProject
Project("{FAE04EC0-301F-11D3-BF4B-00C04F79EFBC}") = "JsLib", "JsLib\JsLib.csproj", "{6FD3AFA7-69ED-468F-972A-E58FEADABA12}"
EndProject
Project("{FAE04EC0-301F-11D3-BF4B-00C04F79EFBC}") = "CommWebCtrlLib", "CommWebCtrlLib\CommWebCtrlLib.csproj", "{3CB31E8B-134F-4773-81A0-3269F563668E}"
EndProject
Global
	GlobalSection(SolutionConfigurationPlatforms) = preSolution
		Debug|Any CPU = Debug|Any CPU
		FMSM_DEBUG|Any CPU = FMSM_DEBUG|Any CPU
		Release|Any CPU = Release|Any CPU
	EndGlobalSection
	GlobalSection(ProjectConfigurationPlatforms) = postSolution
		{C3977871-4133-40D7-B067-29BAA06EA7C4}.Debug|Any CPU.ActiveCfg = Debug|Any CPU
		{C3977871-4133-40D7-B067-29BAA06EA7C4}.Debug|Any CPU.Build.0 = Debug|Any CPU
		{C3977871-4133-40D7-B067-29BAA06EA7C4}.FMSM_DEBUG|Any CPU.ActiveCfg = Release|Any CPU
		{C3977871-4133-40D7-B067-29BAA06EA7C4}.FMSM_DEBUG|Any CPU.Build.0 = Release|Any CPU
		{C3977871-4133-40D7-B067-29BAA06EA7C4}.Release|Any CPU.ActiveCfg = Release|Any CPU
		{C3977871-4133-40D7-B067-29BAA06EA7C4}.Release|Any CPU.Build.0 = Release|Any CPU
		{6FAECB53-C67A-402C-A7ED-E243C3D114B2}.Debug|Any CPU.ActiveCfg = Debug|Any CPU
		{6FAECB53-C67A-402C-A7ED-E243C3D114B2}.Debug|Any CPU.Build.0 = Debug|Any CPU
		{6FAECB53-C67A-402C-A7ED-E243C3D114B2}.FMSM_DEBUG|Any CPU.ActiveCfg = Release|Any CPU
		{6FAECB53-C67A-402C-A7ED-E243C3D114B2}.FMSM_DEBUG|Any CPU.Build.0 = Release|Any CPU
		{6FAECB53-C67A-402C-A7ED-E243C3D114B2}.Release|Any CPU.ActiveCfg = Release|Any CPU
		{6FAECB53-C67A-402C-A7ED-E243C3D114B2}.Release|Any CPU.Build.0 = Release|Any CPU
		{421E2FD1-0262-40AB-AB04-AF75110EC844}.Debug|Any CPU.ActiveCfg = Debug|Any CPU
		{421E2FD1-0262-40AB-AB04-AF75110EC844}.Debug|Any CPU.Build.0 = Debug|Any CPU
		{421E2FD1-0262-40AB-AB04-AF75110EC844}.FMSM_DEBUG|Any CPU.ActiveCfg = Release|Any CPU
		{421E2FD1-0262-40AB-AB04-AF75110EC844}.FMSM_DEBUG|Any CPU.Build.0 = Release|Any CPU
		{421E2FD1-0262-40AB-AB04-AF75110EC844}.Release|Any CPU.ActiveCfg = Release|Any CPU
		{421E2FD1-0262-40AB-AB04-AF75110EC844}.Release|Any CPU.Build.0 = Release|Any CPU
		{09988D88-46BA-4F25-AF54-C4AE877A1E34}.Debug|Any CPU.ActiveCfg = Debug|Any CPU
		{09988D88-46BA-4F25-AF54-C4AE877A1E34}.Debug|Any CPU.Build.0 = Debug|Any CPU
		{09988D88-46BA-4F25-AF54-C4AE877A1E34}.FMSM_DEBUG|Any CPU.ActiveCfg = Release|Any CPU
		{09988D88-46BA-4F25-AF54-C4AE877A1E34}.FMSM_DEBUG|Any CPU.Build.0 = Release|Any CPU
		{09988D88-46BA-4F25-AF54-C4AE877A1E34}.Release|Any CPU.ActiveCfg = Release|Any CPU
		{09988D88-46BA-4F25-AF54-C4AE877A1E34}.Release|Any CPU.Build.0 = Release|Any CPU
		{19F4307A-B863-4529-BFFA-C6C95BEBDFB8}.Debug|Any CPU.ActiveCfg = Debug|Any CPU
		{19F4307A-B863-4529-BFFA-C6C95BEBDFB8}.Debug|Any CPU.Build.0 = Debug|Any CPU
		{19F4307A-B863-4529-BFFA-C6C95BEBDFB8}.FMSM_DEBUG|Any CPU.ActiveCfg = Release|Any CPU
		{19F4307A-B863-4529-BFFA-C6C95BEBDFB8}.FMSM_DEBUG|Any CPU.Build.0 = Release|Any CPU
		{19F4307A-B863-4529-BFFA-C6C95BEBDFB8}.Release|Any CPU.ActiveCfg = Release|Any CPU
		{19F4307A-B863-4529-BFFA-C6C95BEBDFB8}.Release|Any CPU.Build.0 = Release|Any CPU
		{5A8DED8E-B55A-469E-A1EB-DD9D91A04F38}.Debug|Any CPU.ActiveCfg = Debug|Any CPU
		{5A8DED8E-B55A-469E-A1EB-DD9D91A04F38}.Debug|Any CPU.Build.0 = Debug|Any CPU
		{5A8DED8E-B55A-469E-A1EB-DD9D91A04F38}.FMSM_DEBUG|Any CPU.ActiveCfg = Release|Any CPU
		{5A8DED8E-B55A-469E-A1EB-DD9D91A04F38}.FMSM_DEBUG|Any CPU.Build.0 = Release|Any CPU
		{5A8DED8E-B55A-469E-A1EB-DD9D91A04F38}.Release|Any CPU.ActiveCfg = Release|Any CPU
		{5A8DED8E-B55A-469E-A1EB-DD9D91A04F38}.Release|Any CPU.Build.0 = Release|Any CPU
		{1B2FE61A-C3D7-439F-A2E7-82FBCFD23AD1}.Debug|Any CPU.ActiveCfg = Debug|Any CPU
		{1B2FE61A-C3D7-439F-A2E7-82FBCFD23AD1}.Debug|Any CPU.Build.0 = Debug|Any CPU
		{1B2FE61A-C3D7-439F-A2E7-82FBCFD23AD1}.FMSM_DEBUG|Any CPU.ActiveCfg = Release|Any CPU
		{1B2FE61A-C3D7-439F-A2E7-82FBCFD23AD1}.FMSM_DEBUG|Any CPU.Build.0 = Release|Any CPU
		{1B2FE61A-C3D7-439F-A2E7-82FBCFD23AD1}.Release|Any CPU.ActiveCfg = Release|Any CPU
		{1B2FE61A-C3D7-439F-A2E7-82FBCFD23AD1}.Release|Any CPU.Build.0 = Release|Any CPU
		{C827AE18-E70A-4A5A-B020-0416BDB37351}.Debug|Any CPU.ActiveCfg = Debug|Any CPU
		{C827AE18-E70A-4A5A-B020-0416BDB37351}.Debug|Any CPU.Build.0 = Debug|Any CPU
		{C827AE18-E70A-4A5A-B020-0416BDB37351}.FMSM_DEBUG|Any CPU.ActiveCfg = Release|Any CPU
		{C827AE18-E70A-4A5A-B020-0416BDB37351}.FMSM_DEBUG|Any CPU.Build.0 = Release|Any CPU
		{C827AE18-E70A-4A5A-B020-0416BDB37351}.Release|Any CPU.ActiveCfg = Release|Any CPU
		{C827AE18-E70A-4A5A-B020-0416BDB37351}.Release|Any CPU.Build.0 = Release|Any CPU
		{14C54C3C-3D6F-4D8D-B52B-F6005FF8D8DD}.Debug|Any CPU.ActiveCfg = Debug|Any CPU
		{14C54C3C-3D6F-4D8D-B52B-F6005FF8D8DD}.Debug|Any CPU.Build.0 = Debug|Any CPU
		{14C54C3C-3D6F-4D8D-B52B-F6005FF8D8DD}.FMSM_DEBUG|Any CPU.ActiveCfg = Release|Any CPU
		{14C54C3C-3D6F-4D8D-B52B-F6005FF8D8DD}.FMSM_DEBUG|Any CPU.Build.0 = Release|Any CPU
		{14C54C3C-3D6F-4D8D-B52B-F6005FF8D8DD}.Release|Any CPU.ActiveCfg = Release|Any CPU
		{14C54C3C-3D6F-4D8D-B52B-F6005FF8D8DD}.Release|Any CPU.Build.0 = Release|Any CPU
		{7B90EAB3-DB0C-4A17-97EB-EFEF6EB24984}.Debug|Any CPU.ActiveCfg = Debug|Any CPU
		{7B90EAB3-DB0C-4A17-97EB-EFEF6EB24984}.Debug|Any CPU.Build.0 = Debug|Any CPU
		{7B90EAB3-DB0C-4A17-97EB-EFEF6EB24984}.FMSM_DEBUG|Any CPU.ActiveCfg = Release|Any CPU
		{7B90EAB3-DB0C-4A17-97EB-EFEF6EB24984}.FMSM_DEBUG|Any CPU.Build.0 = Release|Any CPU
		{7B90EAB3-DB0C-4A17-97EB-EFEF6EB24984}.Release|Any CPU.ActiveCfg = Release|Any CPU
		{7B90EAB3-DB0C-4A17-97EB-EFEF6EB24984}.Release|Any CPU.Build.0 = Release|Any CPU
		{6549159A-EB48-4ED8-9490-FF3D261E0180}.Debug|Any CPU.ActiveCfg = Debug|Any CPU
		{6549159A-EB48-4ED8-9490-FF3D261E0180}.Debug|Any CPU.Build.0 = Debug|Any CPU
		{6549159A-EB48-4ED8-9490-FF3D261E0180}.FMSM_DEBUG|Any CPU.ActiveCfg = Release|Any CPU
		{6549159A-EB48-4ED8-9490-FF3D261E0180}.FMSM_DEBUG|Any CPU.Build.0 = Release|Any CPU
		{6549159A-EB48-4ED8-9490-FF3D261E0180}.Release|Any CPU.ActiveCfg = Release|Any CPU
		{6549159A-EB48-4ED8-9490-FF3D261E0180}.Release|Any CPU.Build.0 = Release|Any CPU
		{B2C6F459-1F65-4B35-81F0-EC87F972F9B6}.Debug|Any CPU.ActiveCfg = Debug|Any CPU
		{B2C6F459-1F65-4B35-81F0-EC87F972F9B6}.Debug|Any CPU.Build.0 = Debug|Any CPU
		{B2C6F459-1F65-4B35-81F0-EC87F972F9B6}.FMSM_DEBUG|Any CPU.ActiveCfg = Release|Any CPU
		{B2C6F459-1F65-4B35-81F0-EC87F972F9B6}.FMSM_DEBUG|Any CPU.Build.0 = Release|Any CPU
		{B2C6F459-1F65-4B35-81F0-EC87F972F9B6}.Release|Any CPU.ActiveCfg = Release|Any CPU
		{B2C6F459-1F65-4B35-81F0-EC87F972F9B6}.Release|Any CPU.Build.0 = Release|Any CPU
		{B3A819B9-888C-4883-9AD4-9D112AFBE9BF}.Debug|Any CPU.ActiveCfg = Debug|Any CPU
		{B3A819B9-888C-4883-9AD4-9D112AFBE9BF}.Debug|Any CPU.Build.0 = Debug|Any CPU
		{B3A819B9-888C-4883-9AD4-9D112AFBE9BF}.FMSM_DEBUG|Any CPU.ActiveCfg = Release|Any CPU
		{B3A819B9-888C-4883-9AD4-9D112AFBE9BF}.FMSM_DEBUG|Any CPU.Build.0 = Release|Any CPU
		{B3A819B9-888C-4883-9AD4-9D112AFBE9BF}.Release|Any CPU.ActiveCfg = Release|Any CPU
		{B3A819B9-888C-4883-9AD4-9D112AFBE9BF}.Release|Any CPU.Build.0 = Release|Any CPU
		{6FD3AFA7-69ED-468F-972A-E58FEADABA12}.Debug|Any CPU.ActiveCfg = Debug|Any CPU
		{6FD3AFA7-69ED-468F-972A-E58FEADABA12}.Debug|Any CPU.Build.0 = Debug|Any CPU
		{6FD3AFA7-69ED-468F-972A-E58FEADABA12}.FMSM_DEBUG|Any CPU.ActiveCfg = Release|Any CPU
		{6FD3AFA7-69ED-468F-972A-E58FEADABA12}.FMSM_DEBUG|Any CPU.Build.0 = Release|Any CPU
		{6FD3AFA7-69ED-468F-972A-E58FEADABA12}.Release|Any CPU.ActiveCfg = Release|Any CPU
		{6FD3AFA7-69ED-468F-972A-E58FEADABA12}.Release|Any CPU.Build.0 = Release|Any CPU
		{3CB31E8B-134F-4773-81A0-3269F563668E}.Debug|Any CPU.ActiveCfg = Debug|Any CPU
		{3CB31E8B-134F-4773-81A0-3269F563668E}.Debug|Any CPU.Build.0 = Debug|Any CPU
		{3CB31E8B-134F-4773-81A0-3269F563668E}.FMSM_DEBUG|Any CPU.ActiveCfg = Release|Any CPU
		{3CB31E8B-134F-4773-81A0-3269F563668E}.FMSM_DEBUG|Any CPU.Build.0 = Release|Any CPU
		{3CB31E8B-134F-4773-81A0-3269F563668E}.Release|Any CPU.ActiveCfg = Release|Any CPU
		{3CB31E8B-134F-4773-81A0-3269F563668E}.Release|Any CPU.Build.0 = Release|Any CPU
	EndGlobalSection
	GlobalSection(SolutionProperties) = preSolution
		HideSolutionNode = FALSE
	EndGlobalSection
	GlobalSection(ExtensibilityGlobals) = postSolution
		SolutionGuid = {49466967-A0C8-4839-9125-63E7B4FD4E92}
	EndGlobalSection
EndGlobal
